// !$*UTF8*$!
{
	archiveVersion = 1;
	classes = {
	};
	objectVersion = 50;
	objects = {

/* Begin PBXBuildFile section */
		819D2D4223EF39C800190B0C /* Concentration.swift in Sources */ = {isa = PBXBuildFile; fileRef = 819D2D4123EF39C800190B0C /* Concentration.swift */; };
		819D2D4423EF3AD800190B0C /* Card.swift in Sources */ = {isa = PBXBuildFile; fileRef = 819D2D4323EF3AD800190B0C /* Card.swift */; };
		81C8677E240B286400774B9F /* ConcentrationThemeChooserViewControlerViewController.swift in Sources */ = {isa = PBXBuildFile; fileRef = 81C8677D240B286400774B9F /* ConcentrationThemeChooserViewControlerViewController.swift */; };
		81F9088323EDFB7400578BA9 /* AppDelegate.swift in Sources */ = {isa = PBXBuildFile; fileRef = 81F9088223EDFB7400578BA9 /* AppDelegate.swift */; };
		81F9088523EDFB7400578BA9 /* SceneDelegate.swift in Sources */ = {isa = PBXBuildFile; fileRef = 81F9088423EDFB7400578BA9 /* SceneDelegate.swift */; };
		81F9088723EDFB7400578BA9 /* ConcentrationViewController.swift in Sources */ = {isa = PBXBuildFile; fileRef = 81F9088623EDFB7400578BA9 /* ConcentrationViewController.swift */; };
		81F9088A23EDFB7400578BA9 /* Main.storyboard in Resources */ = {isa = PBXBuildFile; fileRef = 81F9088823EDFB7400578BA9 /* Main.storyboard */; };
		81F9088C23EDFB7800578BA9 /* Assets.xcassets in Resources */ = {isa = PBXBuildFile; fileRef = 81F9088B23EDFB7800578BA9 /* Assets.xcassets */; };
		81F9088F23EDFB7800578BA9 /* LaunchScreen.storyboard in Resources */ = {isa = PBXBuildFile; fileRef = 81F9088D23EDFB7800578BA9 /* LaunchScreen.storyboard */; };
		81F9900923F826C100AF467C /* Theme.swift in Sources */ = {isa = PBXBuildFile; fileRef = 81F9900823F826C100AF467C /* Theme.swift */; };
		81F9900B23F8980200AF467C /* Extentions.swift in Sources */ = {isa = PBXBuildFile; fileRef = 81F9900A23F8980200AF467C /* Extentions.swift */; };
/* End PBXBuildFile section */

/* Begin PBXFileReference section */
		819D2D4123EF39C800190B0C /* Concentration.swift */ = {isa = PBXFileReference; lastKnownFileType = sourcecode.swift; path = Concentration.swift; sourceTree = SOURCE_ROOT; };
		819D2D4323EF3AD800190B0C /* Card.swift */ = {isa = PBXFileReference; lastKnownFileType = sourcecode.swift; path = Card.swift; sourceTree = "<group>"; };
		81C8677D240B286400774B9F /* ConcentrationThemeChooserViewControlerViewController.swift */ = {isa = PBXFileReference; lastKnownFileType = sourcecode.swift; path = ConcentrationThemeChooserViewControlerViewController.swift; sourceTree = "<group>"; };
		81F9087F23EDFB7400578BA9 /* Concentration.app */ = {isa = PBXFileReference; explicitFileType = wrapper.application; includeInIndex = 0; path = Concentration.app; sourceTree = BUILT_PRODUCTS_DIR; };
		81F9088223EDFB7400578BA9 /* AppDelegate.swift */ = {isa = PBXFileReference; lastKnownFileType = sourcecode.swift; path = AppDelegate.swift; sourceTree = "<group>"; };
		81F9088423EDFB7400578BA9 /* SceneDelegate.swift */ = {isa = PBXFileReference; lastKnownFileType = sourcecode.swift; path = SceneDelegate.swift; sourceTree = "<group>"; };
		81F9088623EDFB7400578BA9 /* ConcentrationViewController.swift */ = {isa = PBXFileReference; lastKnownFileType = sourcecode.swift; path = ConcentrationViewController.swift; sourceTree = "<group>"; };
		81F9088923EDFB7400578BA9 /* Base */ = {isa = PBXFileReference; lastKnownFileType = file.storyboard; name = Base; path = Base.lproj/Main.storyboard; sourceTree = "<group>"; };
		81F9088B23EDFB7800578BA9 /* Assets.xcassets */ = {isa = PBXFileReference; lastKnownFileType = folder.assetcatalog; path = Assets.xcassets; sourceTree = "<group>"; };
		81F9088E23EDFB7800578BA9 /* Base */ = {isa = PBXFileReference; lastKnownFileType = file.storyboard; name = Base; path = Base.lproj/LaunchScreen.storyboard; sourceTree = "<group>"; };
		81F9089023EDFB7800578BA9 /* Info.plist */ = {isa = PBXFileReference; lastKnownFileType = text.plist.xml; path = Info.plist; sourceTree = "<group>"; };
		81F9900823F826C100AF467C /* Theme.swift */ = {isa = PBXFileReference; lastKnownFileType = sourcecode.swift; path = Theme.swift; sourceTree = "<group>"; };
		81F9900A23F8980200AF467C /* Extentions.swift */ = {isa = PBXFileReference; lastKnownFileType = sourcecode.swift; path = Extentions.swift; sourceTree = "<group>"; };
/* End PBXFileReference section */

/* Begin PBXFrameworksBuildPhase section */
		81F9087C23EDFB7400578BA9 /* Frameworks */ = {
			isa = PBXFrameworksBuildPhase;
			buildActionMask = 2147483647;
			files = (
			);
			runOnlyForDeploymentPostprocessing = 0;
		};
/* End PBXFrameworksBuildPhase section */

/* Begin PBXGroup section */
		81F9087623EDFB7400578BA9 = {
			isa = PBXGroup;
			children = (
				81F9088123EDFB7400578BA9 /* Concentration */,
				81F9088023EDFB7400578BA9 /* Products */,
			);
			sourceTree = "<group>";
		};
		81F9088023EDFB7400578BA9 /* Products */ = {
			isa = PBXGroup;
			children = (
				81F9087F23EDFB7400578BA9 /* Concentration.app */,
			);
			name = Products;
			sourceTree = "<group>";
		};
		81F9088123EDFB7400578BA9 /* Concentration */ = {
			isa = PBXGroup;
			children = (
				81F9089623EDFC7400578BA9 /* Suporting files */,
				819D2D4123EF39C800190B0C /* Concentration.swift */,
				819D2D4323EF3AD800190B0C /* Card.swift */,
				81F9900823F826C100AF467C /* Theme.swift */,
				81F9088423EDFB7400578BA9 /* SceneDelegate.swift */,
				81F9088623EDFB7400578BA9 /* ConcentrationViewController.swift */,
				81F9900A23F8980200AF467C /* Extentions.swift */,
				81F9088823EDFB7400578BA9 /* Main.storyboard */,
				81C8677D240B286400774B9F /* ConcentrationThemeChooserViewControlerViewController.swift */,
				81F9089023EDFB7800578BA9 /* Info.plist */,
			);
			path = Concentration;
			sourceTree = "<group>";
		};
		81F9089623EDFC7400578BA9 /* Suporting files */ = {
			isa = PBXGroup;
			children = (
				81F9088223EDFB7400578BA9 /* AppDelegate.swift */,
				81F9088B23EDFB7800578BA9 /* Assets.xcassets */,
				81F9088D23EDFB7800578BA9 /* LaunchScreen.storyboard */,
			);
			path = "Suporting files";
			sourceTree = "<group>";
		};
/* End PBXGroup section */

/* Begin PBXNativeTarget section */
		81F9087E23EDFB7400578BA9 /* Concentration */ = {
			isa = PBXNativeTarget;
			buildConfigurationList = 81F9089323EDFB7800578BA9 /* Build configuration list for PBXNativeTarget "Concentration" */;
			buildPhases = (
				81F9087B23EDFB7400578BA9 /* Sources */,
				81F9087C23EDFB7400578BA9 /* Frameworks */,
				81F9087D23EDFB7400578BA9 /* Resources */,
			);
			buildRules = (
			);
			dependencies = (
			);
			name = Concentration;
			productName = Concentration;
			productReference = 81F9087F23EDFB7400578BA9 /* Concentration.app */;
			productType = "com.apple.product-type.application";
		};
/* End PBXNativeTarget section */

/* Begin PBXProject section */
		81F9087723EDFB7400578BA9 /* Project object */ = {
			isa = PBXProject;
			attributes = {
				LastSwiftUpdateCheck = 1130;
				LastUpgradeCheck = 1130;
				ORGANIZATIONNAME = Talha;
				TargetAttributes = {
					81F9087E23EDFB7400578BA9 = {
						CreatedOnToolsVersion = 11.3.1;
					};
				};
			};
			buildConfigurationList = 81F9087A23EDFB7400578BA9 /* Build configuration list for PBXProject "Concentration" */;
			compatibilityVersion = "Xcode 9.3";
			developmentRegion = en;
			hasScannedForEncodings = 0;
			knownRegions = (
				en,
				Base,
			);
			mainGroup = 81F9087623EDFB7400578BA9;
			productRefGroup = 81F9088023EDFB7400578BA9 /* Products */;
			projectDirPath = "";
			projectRoot = "";
			targets = (
				81F9087E23EDFB7400578BA9 /* Concentration */,
			);
		};
/* End PBXProject section */

/* Begin PBXResourcesBuildPhase section */
		81F9087D23EDFB7400578BA9 /* Resources */ = {
			isa = PBXResourcesBuildPhase;
			buildActionMask = 2147483647;
			files = (
				81F9088F23EDFB7800578BA9 /* LaunchScreen.storyboard in Resources */,
				81F9088C23EDFB7800578BA9 /* Assets.xcassets in Resources */,
				81F9088A23EDFB7400578BA9 /* Main.storyboard in Resources */,
			);
			runOnlyForDeploymentPostprocessing = 0;
		};
/* End PBXResourcesBuildPhase section */

/* Begin PBXSourcesBuildPhase section */
		81F9087B23EDFB7400578BA9 /* Sources */ = {
			isa = PBXSourcesBuildPhase;
			buildActionMask = 2147483647;
			files = (
				81F9088723EDFB7400578BA9 /* ConcentrationViewController.swift in Sources */,
				819D2D4223EF39C800190B0C /* Concentration.swift in Sources */,
				819D2D4423EF3AD800190B0C /* Card.swift in Sources */,
				81F9900923F826C100AF467C /* Theme.swift in Sources */,
				81C8677E240B286400774B9F /* ConcentrationThemeChooserViewControlerViewController.swift in Sources */,
				81F9088323EDFB7400578BA9 /* AppDelegate.swift in Sources */,
				81F9088523EDFB7400578BA9 /* SceneDelegate.swift in Sources */,
				81F9900B23F8980200AF467C /* Extentions.swift in Sources */,
			);
			runOnlyForDeploymentPostprocessing = 0;
		};
/* End PBXSourcesBuildPhase section */

/* Begin PBXVariantGroup section */
		81F9088823EDFB7400578BA9 /* Main.storyboard */ = {
			isa = PBXVariantGroup;
			children = (
				81F9088923EDFB7400578BA9 /* Base */,
			);
			name = Main.storyboard;
			sourceTree = "<group>";
		};
		81F9088D23EDFB7800578BA9 /* LaunchScreen.storyboard */ = {
			isa = PBXVariantGroup;
			children = (
				81F9088E23EDFB7800578BA9 /* Base */,
			);
			name = LaunchScreen.storyboard;
			sourceTree = "<group>";
		};
/* End PBXVariantGroup section */

/* Begin XCBuildConfiguration section */
		81F9089123EDFB7800578BA9 /* Debug */ = {
			isa = XCBuildConfiguration;
			buildSettings = {
				ALWAYS_SEARCH_USER_PATHS = NO;
				CLANG_ANALYZER_NONNULL = YES;
				CLANG_ANALYZER_NUMBER_OBJECT_CONVERSION = YES_AGGRESSIVE;
				CLANG_CXX_LANGUAGE_STANDARD = "gnu++14";
				CLANG_CXX_LIBRARY = "libc++";
				CLANG_ENABLE_MODULES = YES;
				CLANG_ENABLE_OBJC_ARC = YES;
				CLANG_ENABLE_OBJC_WEAK = YES;
				CLANG_WARN_BLOCK_CAPTURE_AUTORELEASING = YES;
				CLANG_WARN_BOOL_CONVERSION = YES;
				CLANG_WARN_COMMA = YES;
				CLANG_WARN_CONSTANT_CONVERSION = YES;
				CLANG_WARN_DEPRECATED_OBJC_IMPLEMENTATIONS = YES;
				CLANG_WARN_DIRECT_OBJC_ISA_USAGE = YES_ERROR;
				CLANG_WARN_DOCUMENTATION_COMMENTS = YES;
				CLANG_WARN_EMPTY_BODY = YES;
				CLANG_WARN_ENUM_CONVERSION = YES;
				CLANG_WARN_INFINITE_RECURSION = YES;
				CLANG_WARN_INT_CONVERSION = YES;
				CLANG_WARN_NON_LITERAL_NULL_CONVERSION = YES;
				CLANG_WARN_OBJC_IMPLICIT_RETAIN_SELF = YES;
				CLANG_WARN_OBJC_LITERAL_CONVERSION = YES;
				CLANG_WARN_OBJC_ROOT_CLASS = YES_ERROR;
				CLANG_WARN_RANGE_LOOP_ANALYSIS = YES;
				CLANG_WARN_STRICT_PROTOTYPES = YES;
				CLANG_WARN_SUSPICIOUS_MOVE = YES;
				CLANG_WARN_UNGUARDED_AVAILABILITY = YES_AGGRESSIVE;
				CLANG_WARN_UNREACHABLE_CODE = YES;
				CLANG_WARN__DUPLICATE_METHOD_MATCH = YES;
				COPY_PHASE_STRIP = NO;
				DEBUG_INFORMATION_FORMAT = dwarf;
				ENABLE_STRICT_OBJC_MSGSEND = YES;
				ENABLE_TESTABILITY = YES;
				GCC_C_LANGUAGE_STANDARD = gnu11;
				GCC_DYNAMIC_NO_PIC = NO;
				GCC_NO_COMMON_BLOCKS = YES;
				GCC_OPTIMIZATION_LEVEL = 0;
				GCC_PREPROCESSOR_DEFINITIONS = (
					"DEBUG=1",
					"$(inherited)",
				);
				GCC_WARN_64_TO_32_BIT_CONVERSION = YES;
				GCC_WARN_ABOUT_RETURN_TYPE = YES_ERROR;
				GCC_WARN_UNDECLARED_SELECTOR = YES;
				GCC_WARN_UNINITIALIZED_AUTOS = YES_AGGRESSIVE;
				GCC_WARN_UNUSED_FUNCTION = YES;
				GCC_WARN_UNUSED_VARIABLE = YES;
				IPHONEOS_DEPLOYMENT_TARGET = 13.2;
				MTL_ENABLE_DEBUG_INFO = INCLUDE_SOURCE;
				MTL_FAST_MATH = YES;
				ONLY_ACTIVE_ARCH = YES;
				SDKROOT = iphoneos;
				SWIFT_ACTIVE_COMPILATION_CONDITIONS = DEBUG;
				SWIFT_OPTIMIZATION_LEVEL = "-Onone";
			};
			name = Debug;
		};
		81F9089223EDFB7800578BA9 /* Release */ = {
			isa = XCBuildConfiguration;
			buildSettings = {
				ALWAYS_SEARCH_USER_PATHS = NO;
				CLANG_ANALYZER_NONNULL = YES;
				CLANG_ANALYZER_NUMBER_OBJECT_CONVERSION = YES_AGGRESSIVE;
				CLANG_CXX_LANGUAGE_STANDARD = "gnu++14";
				CLANG_CXX_LIBRARY = "libc++";
				CLANG_ENABLE_MODULES = YES;
				CLANG_ENABLE_OBJC_ARC = YES;
				CLANG_ENABLE_OBJC_WEAK = YES;
				CLANG_WARN_BLOCK_CAPTURE_AUTORELEASING = YES;
				CLANG_WARN_BOOL_CONVERSION = YES;
				CLANG_WARN_COMMA = YES;
				CLANG_WARN_CONSTANT_CONVERSION = YES;
				CLANG_WARN_DEPRECATED_OBJC_IMPLEMENTATIONS = YES;
				CLANG_WARN_DIRECT_OBJC_ISA_USAGE = YES_ERROR;
				CLANG_WARN_DOCUMENTATION_COMMENTS = YES;
				CLANG_WARN_EMPTY_BODY = YES;
				CLANG_WARN_ENUM_CONVERSION = YES;
				CLANG_WARN_INFINITE_RECURSION = YES;
				CLANG_WARN_INT_CONVERSION = YES;
				CLANG_WARN_NON_LITERAL_NULL_CONVERSION = YES;
				CLANG_WARN_OBJC_IMPLICIT_RETAIN_SELF = YES;
				CLANG_WARN_OBJC_LITERAL_CONVERSION = YES;
				CLANG_WARN_OBJC_ROOT_CLASS = YES_ERROR;
				CLANG_WARN_RANGE_LOOP_ANALYSIS = YES;
				CLANG_WARN_STRICT_PROTOTYPES = YES;
				CLANG_WARN_SUSPICIOUS_MOVE = YES;
				CLANG_WARN_UNGUARDED_AVAILABILITY = YES_AGGRESSIVE;
				CLANG_WARN_UNREACHABLE_CODE = YES;
				CLANG_WARN__DUPLICATE_METHOD_MATCH = YES;
				COPY_PHASE_STRIP = NO;
				DEBUG_INFORMATION_FORMAT = "dwarf-with-dsym";
				ENABLE_NS_ASSERTIONS = NO;
				ENABLE_STRICT_OBJC_MSGSEND = YES;
				GCC_C_LANGUAGE_STANDARD = gnu11;
				GCC_NO_COMMON_BLOCKS = YES;
				GCC_WARN_64_TO_32_BIT_CONVERSION = YES;
				GCC_WARN_ABOUT_RETURN_TYPE = YES_ERROR;
				GCC_WARN_UNDECLARED_SELECTOR = YES;
				GCC_WARN_UNINITIALIZED_AUTOS = YES_AGGRESSIVE;
				GCC_WARN_UNUSED_FUNCTION = YES;
				GCC_WARN_UNUSED_VARIABLE = YES;
				IPHONEOS_DEPLOYMENT_TARGET = 13.2;
				MTL_ENABLE_DEBUG_INFO = NO;
				MTL_FAST_MATH = YES;
				SDKROOT = iphoneos;
				SWIFT_COMPILATION_MODE = wholemodule;
				SWIFT_OPTIMIZATION_LEVEL = "-O";
				VALIDATE_PRODUCT = YES;
			};
			name = Release;
		};
		81F9089423EDFB7800578BA9 /* Debug */ = {
			isa = XCBuildConfiguration;
			buildSettings = {
				ASSETCATALOG_COMPILER_APPICON_NAME = AppIcon;
				CODE_SIGN_STYLE = Automatic;
				DEVELOPMENT_TEAM = 8H9GDKKX48;
				INFOPLIST_FILE = Concentration/Info.plist;
				LD_RUNPATH_SEARCH_PATHS = (
					"$(inherited)",
					"@executable_path/Frameworks",
				);
				PRODUCT_BUNDLE_IDENTIFIER = com.talha.Concentration;
				PRODUCT_NAME = "$(TARGET_NAME)";
				SWIFT_VERSION = 5.0;
				TARGETED_DEVICE_FAMILY = "1,2";
			};
			name = Debug;
		};
		81F9089523EDFB7800578BA9 /* Release */ = {
			isa = XCBuildConfiguration;
			buildSettings = {
				ASSETCATALOG_COMPILER_APPICON_NAME = AppIcon;
				CODE_SIGN_STYLE = Automatic;
				DEVELOPMENT_TEAM = 8H9GDKKX48;
				INFOPLIST_FILE = Concentration/Info.plist;
				LD_RUNPATH_SEARCH_PATHS = (
					"$(inherited)",
					"@executable_path/Frameworks",
				);
				PRODUCT_BUNDLE_IDENTIFIER = com.talha.Concentration;
				PRODUCT_NAME = "$(TARGET_NAME)";
				SWIFT_VERSION = 5.0;
				TARGETED_DEVICE_FAMILY = "1,2";
			};
			name = Release;
		};
/* End XCBuildConfiguration section */

/* Begin XCConfigurationList section */
		81F9087A23EDFB7400578BA9 /* Build configuration list for PBXProject "Concentration" */ = {
			isa = XCConfigurationList;
			buildConfigurations = (
				81F9089123EDFB7800578BA9 /* Debug */,
				81F9089223EDFB7800578BA9 /* Release */,
			);
			defaultConfigurationIsVisible = 0;
			defaultConfigurationName = Release;
		};
		81F9089323EDFB7800578BA9 /* Build configuration list for PBXNativeTarget "Concentration" */ = {
			isa = XCConfigurationList;
			buildConfigurations = (
				81F9089423EDFB7800578BA9 /* Debug */,
				81F9089523EDFB7800578BA9 /* Release */,
			);
			defaultConfigurationIsVisible = 0;
			defaultConfigurationName = Release;
		};
/* End XCConfigurationList section */
	};
	rootObject = 81F9087723EDFB7400578BA9 /* Project object */;
}
